// !$*UTF8*$!
{
	archiveVersion = 1;
	classes = {
	};
	objectVersion = 56;
	objects = {

/* Begin PBXBuildFile section */
		3872F7642ABAFEA800F3BB2E /* StepCounterApp.swift in Sources */ = {isa = PBXBuildFile; fileRef = 3872F7632ABAFEA800F3BB2E /* StepCounterApp.swift */; };
		3872F7662ABAFEA800F3BB2E /* ContentView.swift in Sources */ = {isa = PBXBuildFile; fileRef = 3872F7652ABAFEA800F3BB2E /* ContentView.swift */; };
		3872F7682ABAFEAA00F3BB2E /* Assets.xcassets in Resources */ = {isa = PBXBuildFile; fileRef = 3872F7672ABAFEAA00F3BB2E /* Assets.xcassets */; };
		3872F76B2ABAFEAA00F3BB2E /* Preview Assets.xcassets in Resources */ = {isa = PBXBuildFile; fileRef = 3872F76A2ABAFEAA00F3BB2E /* Preview Assets.xcassets */; };
		3872F7722ABAFF6600F3BB2E /* HealthKitManager.swift in Sources */ = {isa = PBXBuildFile; fileRef = 3872F7712ABAFF6600F3BB2E /* HealthKitManager.swift */; };
		3872F7762ABB0BD700F3BB2E /* ProgressRing.swift in Sources */ = {isa = PBXBuildFile; fileRef = 3872F7752ABB0BD700F3BB2E /* ProgressRing.swift */; };
		3872F77A2ABDD85C00F3BB2E /* EditGoalView.swift in Sources */ = {isa = PBXBuildFile; fileRef = 3872F7792ABDD85C00F3BB2E /* EditGoalView.swift */; };
		3872F77E2AC1AF2B00F3BB2E /* StepCountState.swift in Sources */ = {isa = PBXBuildFile; fileRef = 3872F77D2AC1AF2B00F3BB2E /* StepCountState.swift */; };
		38DB7F332AC58FD8004ACFCC /* StepCountView.swift in Sources */ = {isa = PBXBuildFile; fileRef = 38DB7F322AC58FD8004ACFCC /* StepCountView.swift */; };
		38DB7F372AC5962F004ACFCC /* ProgressInfoBox.swift in Sources */ = {isa = PBXBuildFile; fileRef = 38DB7F362AC5962F004ACFCC /* ProgressInfoBox.swift */; };
		38DB7F3B2AC5B016004ACFCC /* DayStepper.swift in Sources */ = {isa = PBXBuildFile; fileRef = 38DB7F3A2AC5B016004ACFCC /* DayStepper.swift */; };
		38FCD5632ACD641D00A9C846 /* Color+theme.swift in Sources */ = {isa = PBXBuildFile; fileRef = 38FCD5622ACD641D00A9C846 /* Color+theme.swift */; };
		38FCD5652ACD650F00A9C846 /* AnimatableNumberModifier.swift in Sources */ = {isa = PBXBuildFile; fileRef = 38FCD5642ACD650F00A9C846 /* AnimatableNumberModifier.swift */; };
		38FCD5672AD064FB00A9C846 /* View+AnimatingOverLay.swift in Sources */ = {isa = PBXBuildFile; fileRef = 38FCD5662AD064FB00A9C846 /* View+AnimatingOverLay.swift */; };
/* End PBXBuildFile section */

/* Begin PBXFileReference section */
		3872F7602ABAFEA800F3BB2E /* StepCounter.app */ = {isa = PBXFileReference; explicitFileType = wrapper.application; includeInIndex = 0; path = StepCounter.app; sourceTree = BUILT_PRODUCTS_DIR; };
		3872F7632ABAFEA800F3BB2E /* StepCounterApp.swift */ = {isa = PBXFileReference; lastKnownFileType = sourcecode.swift; path = StepCounterApp.swift; sourceTree = "<group>"; };
		3872F7652ABAFEA800F3BB2E /* ContentView.swift */ = {isa = PBXFileReference; lastKnownFileType = sourcecode.swift; path = ContentView.swift; sourceTree = "<group>"; };
		3872F7672ABAFEAA00F3BB2E /* Assets.xcassets */ = {isa = PBXFileReference; lastKnownFileType = folder.assetcatalog; path = Assets.xcassets; sourceTree = "<group>"; };
		3872F76A2ABAFEAA00F3BB2E /* Preview Assets.xcassets */ = {isa = PBXFileReference; lastKnownFileType = folder.assetcatalog; path = "Preview Assets.xcassets"; sourceTree = "<group>"; };
		3872F7712ABAFF6600F3BB2E /* HealthKitManager.swift */ = {isa = PBXFileReference; lastKnownFileType = sourcecode.swift; path = HealthKitManager.swift; sourceTree = "<group>"; };
		3872F7732ABB019D00F3BB2E /* StepCounter.entitlements */ = {isa = PBXFileReference; lastKnownFileType = text.plist.entitlements; path = StepCounter.entitlements; sourceTree = "<group>"; };
		3872F7742ABB02E000F3BB2E /* Info.plist */ = {isa = PBXFileReference; lastKnownFileType = text.plist; path = Info.plist; sourceTree = "<group>"; };
		3872F7752ABB0BD700F3BB2E /* ProgressRing.swift */ = {isa = PBXFileReference; lastKnownFileType = sourcecode.swift; path = ProgressRing.swift; sourceTree = "<group>"; };
		3872F7792ABDD85C00F3BB2E /* EditGoalView.swift */ = {isa = PBXFileReference; lastKnownFileType = sourcecode.swift; path = EditGoalView.swift; sourceTree = "<group>"; };
		3872F77D2AC1AF2B00F3BB2E /* StepCountState.swift */ = {isa = PBXFileReference; lastKnownFileType = sourcecode.swift; path = StepCountState.swift; sourceTree = "<group>"; };
		38DB7F322AC58FD8004ACFCC /* StepCountView.swift */ = {isa = PBXFileReference; lastKnownFileType = sourcecode.swift; path = StepCountView.swift; sourceTree = "<group>"; };
		38DB7F362AC5962F004ACFCC /* ProgressInfoBox.swift */ = {isa = PBXFileReference; lastKnownFileType = sourcecode.swift; path = ProgressInfoBox.swift; sourceTree = "<group>"; };
		38DB7F3A2AC5B016004ACFCC /* DayStepper.swift */ = {isa = PBXFileReference; lastKnownFileType = sourcecode.swift; path = DayStepper.swift; sourceTree = "<group>"; };
		38FCD5622ACD641D00A9C846 /* Color+theme.swift */ = {isa = PBXFileReference; lastKnownFileType = sourcecode.swift; path = "Color+theme.swift"; sourceTree = "<group>"; };
		38FCD5642ACD650F00A9C846 /* AnimatableNumberModifier.swift */ = {isa = PBXFileReference; lastKnownFileType = sourcecode.swift; path = AnimatableNumberModifier.swift; sourceTree = "<group>"; };
		38FCD5662AD064FB00A9C846 /* View+AnimatingOverLay.swift */ = {isa = PBXFileReference; lastKnownFileType = sourcecode.swift; path = "View+AnimatingOverLay.swift"; sourceTree = "<group>"; };
/* End PBXFileReference section */

/* Begin PBXFrameworksBuildPhase section */
		3872F75D2ABAFEA800F3BB2E /* Frameworks */ = {
			isa = PBXFrameworksBuildPhase;
			buildActionMask = 2147483647;
			files = (
			);
			runOnlyForDeploymentPostprocessing = 0;
		};
/* End PBXFrameworksBuildPhase section */

/* Begin PBXGroup section */
		3872F7572ABAFEA800F3BB2E = {
			isa = PBXGroup;
			children = (
				3872F7622ABAFEA800F3BB2E /* StepCounter */,
				3872F7612ABAFEA800F3BB2E /* Products */,
			);
			sourceTree = "<group>";
		};
		3872F7612ABAFEA800F3BB2E /* Products */ = {
			isa = PBXGroup;
			children = (
				3872F7602ABAFEA800F3BB2E /* StepCounter.app */,
			);
			name = Products;
			sourceTree = "<group>";
		};
		3872F7622ABAFEA800F3BB2E /* StepCounter */ = {
			isa = PBXGroup;
			children = (
				3872F7742ABB02E000F3BB2E /* Info.plist */,
				3872F7732ABB019D00F3BB2E /* StepCounter.entitlements */,
				3872F7632ABAFEA800F3BB2E /* StepCounterApp.swift */,
				38DB7F312AC58F74004ACFCC /* Views */,
				38FCD5692AD0654000A9C846 /* ViewModifiers */,
				38FCD5682AD0652E00A9C846 /* Extensions */,
				38FCD56A2AD0655D00A9C846 /* Models */,
				3872F7672ABAFEAA00F3BB2E /* Assets.xcassets */,
				3872F7692ABAFEAA00F3BB2E /* Preview Content */,
			);
			path = StepCounter;
			sourceTree = "<group>";
		};
		3872F7692ABAFEAA00F3BB2E /* Preview Content */ = {
			isa = PBXGroup;
			children = (
				3872F76A2ABAFEAA00F3BB2E /* Preview Assets.xcassets */,
			);
			path = "Preview Content";
			sourceTree = "<group>";
		};
		38DB7F312AC58F74004ACFCC /* Views */ = {
			isa = PBXGroup;
			children = (
				3872F7652ABAFEA800F3BB2E /* ContentView.swift */,
				3872F7792ABDD85C00F3BB2E /* EditGoalView.swift */,
				38DB7F3A2AC5B016004ACFCC /* DayStepper.swift */,
				3872F7752ABB0BD700F3BB2E /* ProgressRing.swift */,
				38DB7F322AC58FD8004ACFCC /* StepCountView.swift */,
				38DB7F362AC5962F004ACFCC /* ProgressInfoBox.swift */,
			);
			path = Views;
			sourceTree = "<group>";
		};
		38FCD5682AD0652E00A9C846 /* Extensions */ = {
			isa = PBXGroup;
			children = (
				38FCD5622ACD641D00A9C846 /* Color+theme.swift */,
				38FCD5662AD064FB00A9C846 /* View+AnimatingOverLay.swift */,
			);
			path = Extensions;
			sourceTree = "<group>";
		};
		38FCD5692AD0654000A9C846 /* ViewModifiers */ = {
			isa = PBXGroup;
			children = (
				38FCD5642ACD650F00A9C846 /* AnimatableNumberModifier.swift */,
			);
			path = ViewModifiers;
			sourceTree = "<group>";
		};
		38FCD56A2AD0655D00A9C846 /* Models */ = {
			isa = PBXGroup;
			children = (
				3872F77D2AC1AF2B00F3BB2E /* StepCountState.swift */,
				3872F7712ABAFF6600F3BB2E /* HealthKitManager.swift */,
			);
			path = Models;
			sourceTree = "<group>";
		};
/* End PBXGroup section */

/* Begin PBXNativeTarget section */
		3872F75F2ABAFEA800F3BB2E /* StepCounter */ = {
			isa = PBXNativeTarget;
			buildConfigurationList = 3872F76E2ABAFEAA00F3BB2E /* Build configuration list for PBXNativeTarget "StepCounter" */;
			buildPhases = (
				3872F75C2ABAFEA800F3BB2E /* Sources */,
				3872F75D2ABAFEA800F3BB2E /* Frameworks */,
				3872F75E2ABAFEA800F3BB2E /* Resources */,
			);
			buildRules = (
			);
			dependencies = (
			);
			name = StepCounter;
			productName = StepCounter;
			productReference = 3872F7602ABAFEA800F3BB2E /* StepCounter.app */;
			productType = "com.apple.product-type.application";
		};
/* End PBXNativeTarget section */

/* Begin PBXProject section */
		3872F7582ABAFEA800F3BB2E /* Project object */ = {
			isa = PBXProject;
			attributes = {
				BuildIndependentTargetsInParallel = 1;
				LastSwiftUpdateCheck = 1430;
				LastUpgradeCheck = 1430;
				TargetAttributes = {
					3872F75F2ABAFEA800F3BB2E = {
						CreatedOnToolsVersion = 14.3.1;
					};
				};
			};
			buildConfigurationList = 3872F75B2ABAFEA800F3BB2E /* Build configuration list for PBXProject "StepCounter" */;
			compatibilityVersion = "Xcode 14.0";
			developmentRegion = en;
			hasScannedForEncodings = 0;
			knownRegions = (
				en,
				Base,
			);
			mainGroup = 3872F7572ABAFEA800F3BB2E;
			productRefGroup = 3872F7612ABAFEA800F3BB2E /* Products */;
			projectDirPath = "";
			projectRoot = "";
			targets = (
				3872F75F2ABAFEA800F3BB2E /* StepCounter */,
			);
		};
/* End PBXProject section */

/* Begin PBXResourcesBuildPhase section */
		3872F75E2ABAFEA800F3BB2E /* Resources */ = {
			isa = PBXResourcesBuildPhase;
			buildActionMask = 2147483647;
			files = (
				3872F76B2ABAFEAA00F3BB2E /* Preview Assets.xcassets in Resources */,
				3872F7682ABAFEAA00F3BB2E /* Assets.xcassets in Resources */,
			);
			runOnlyForDeploymentPostprocessing = 0;
		};
/* End PBXResourcesBuildPhase section */

/* Begin PBXSourcesBuildPhase section */
		3872F75C2ABAFEA800F3BB2E /* Sources */ = {
			isa = PBXSourcesBuildPhase;
			buildActionMask = 2147483647;
			files = (
				3872F7662ABAFEA800F3BB2E /* ContentView.swift in Sources */,
				3872F7762ABB0BD700F3BB2E /* ProgressRing.swift in Sources */,
				38FCD5672AD064FB00A9C846 /* View+AnimatingOverLay.swift in Sources */,
				38DB7F372AC5962F004ACFCC /* ProgressInfoBox.swift in Sources */,
				3872F7642ABAFEA800F3BB2E /* StepCounterApp.swift in Sources */,
				38DB7F332AC58FD8004ACFCC /* StepCountView.swift in Sources */,
				38FCD5632ACD641D00A9C846 /* Color+theme.swift in Sources */,
				3872F77A2ABDD85C00F3BB2E /* EditGoalView.swift in Sources */,
				38FCD5652ACD650F00A9C846 /* AnimatableNumberModifier.swift in Sources */,
				3872F77E2AC1AF2B00F3BB2E /* StepCountState.swift in Sources */,
				3872F7722ABAFF6600F3BB2E /* HealthKitManager.swift in Sources */,
				38DB7F3B2AC5B016004ACFCC /* DayStepper.swift in Sources */,
			);
			runOnlyForDeploymentPostprocessing = 0;
		};
/* End PBXSourcesBuildPhase section */

/* Begin XCBuildConfiguration section */
		3872F76C2ABAFEAA00F3BB2E /* Debug */ = {
			isa = XCBuildConfiguration;
			buildSettings = {
				ALWAYS_SEARCH_USER_PATHS = NO;
				CLANG_ANALYZER_NONNULL = YES;
				CLANG_ANALYZER_NUMBER_OBJECT_CONVERSION = YES_AGGRESSIVE;
				CLANG_CXX_LANGUAGE_STANDARD = "gnu++20";
				CLANG_ENABLE_MODULES = YES;
				CLANG_ENABLE_OBJC_ARC = YES;
				CLANG_ENABLE_OBJC_WEAK = YES;
				CLANG_WARN_BLOCK_CAPTURE_AUTORELEASING = YES;
				CLANG_WARN_BOOL_CONVERSION = YES;
				CLANG_WARN_COMMA = YES;
				CLANG_WARN_CONSTANT_CONVERSION = YES;
				CLANG_WARN_DEPRECATED_OBJC_IMPLEMENTATIONS = YES;
				CLANG_WARN_DIRECT_OBJC_ISA_USAGE = YES_ERROR;
				CLANG_WARN_DOCUMENTATION_COMMENTS = YES;
				CLANG_WARN_EMPTY_BODY = YES;
				CLANG_WARN_ENUM_CONVERSION = YES;
				CLANG_WARN_INFINITE_RECURSION = YES;
				CLANG_WARN_INT_CONVERSION = YES;
				CLANG_WARN_NON_LITERAL_NULL_CONVERSION = YES;
				CLANG_WARN_OBJC_IMPLICIT_RETAIN_SELF = YES;
				CLANG_WARN_OBJC_LITERAL_CONVERSION = YES;
				CLANG_WARN_OBJC_ROOT_CLASS = YES_ERROR;
				CLANG_WARN_QUOTED_INCLUDE_IN_FRAMEWORK_HEADER = YES;
				CLANG_WARN_RANGE_LOOP_ANALYSIS = YES;
				CLANG_WARN_STRICT_PROTOTYPES = YES;
				CLANG_WARN_SUSPICIOUS_MOVE = YES;
				CLANG_WARN_UNGUARDED_AVAILABILITY = YES_AGGRESSIVE;
				CLANG_WARN_UNREACHABLE_CODE = YES;
				CLANG_WARN__DUPLICATE_METHOD_MATCH = YES;
				COPY_PHASE_STRIP = NO;
				DEBUG_INFORMATION_FORMAT = dwarf;
				ENABLE_STRICT_OBJC_MSGSEND = YES;
				ENABLE_TESTABILITY = YES;
				GCC_C_LANGUAGE_STANDARD = gnu11;
				GCC_DYNAMIC_NO_PIC = NO;
				GCC_NO_COMMON_BLOCKS = YES;
				GCC_OPTIMIZATION_LEVEL = 0;
				GCC_PREPROCESSOR_DEFINITIONS = (
					"DEBUG=1",
					"$(inherited)",
				);
				GCC_WARN_64_TO_32_BIT_CONVERSION = YES;
				GCC_WARN_ABOUT_RETURN_TYPE = YES_ERROR;
				GCC_WARN_UNDECLARED_SELECTOR = YES;
				GCC_WARN_UNINITIALIZED_AUTOS = YES_AGGRESSIVE;
				GCC_WARN_UNUSED_FUNCTION = YES;
				GCC_WARN_UNUSED_VARIABLE = YES;
				IPHONEOS_DEPLOYMENT_TARGET = 16.4;
				MTL_ENABLE_DEBUG_INFO = INCLUDE_SOURCE;
				MTL_FAST_MATH = YES;
				ONLY_ACTIVE_ARCH = YES;
				SDKROOT = iphoneos;
				SWIFT_ACTIVE_COMPILATION_CONDITIONS = DEBUG;
				SWIFT_OPTIMIZATION_LEVEL = "-Onone";
			};
			name = Debug;
		};
		3872F76D2ABAFEAA00F3BB2E /* Release */ = {
			isa = XCBuildConfiguration;
			buildSettings = {
				ALWAYS_SEARCH_USER_PATHS = NO;
				CLANG_ANALYZER_NONNULL = YES;
				CLANG_ANALYZER_NUMBER_OBJECT_CONVERSION = YES_AGGRESSIVE;
				CLANG_CXX_LANGUAGE_STANDARD = "gnu++20";
				CLANG_ENABLE_MODULES = YES;
				CLANG_ENABLE_OBJC_ARC = YES;
				CLANG_ENABLE_OBJC_WEAK = YES;
				CLANG_WARN_BLOCK_CAPTURE_AUTORELEASING = YES;
				CLANG_WARN_BOOL_CONVERSION = YES;
				CLANG_WARN_COMMA = YES;
				CLANG_WARN_CONSTANT_CONVERSION = YES;
				CLANG_WARN_DEPRECATED_OBJC_IMPLEMENTATIONS = YES;
				CLANG_WARN_DIRECT_OBJC_ISA_USAGE = YES_ERROR;
				CLANG_WARN_DOCUMENTATION_COMMENTS = YES;
				CLANG_WARN_EMPTY_BODY = YES;
				CLANG_WARN_ENUM_CONVERSION = YES;
				CLANG_WARN_INFINITE_RECURSION = YES;
				CLANG_WARN_INT_CONVERSION = YES;
				CLANG_WARN_NON_LITERAL_NULL_CONVERSION = YES;
				CLANG_WARN_OBJC_IMPLICIT_RETAIN_SELF = YES;
				CLANG_WARN_OBJC_LITERAL_CONVERSION = YES;
				CLANG_WARN_OBJC_ROOT_CLASS = YES_ERROR;
				CLANG_WARN_QUOTED_INCLUDE_IN_FRAMEWORK_HEADER = YES;
				CLANG_WARN_RANGE_LOOP_ANALYSIS = YES;
				CLANG_WARN_STRICT_PROTOTYPES = YES;
				CLANG_WARN_SUSPICIOUS_MOVE = YES;
				CLANG_WARN_UNGUARDED_AVAILABILITY = YES_AGGRESSIVE;
				CLANG_WARN_UNREACHABLE_CODE = YES;
				CLANG_WARN__DUPLICATE_METHOD_MATCH = YES;
				COPY_PHASE_STRIP = NO;
				DEBUG_INFORMATION_FORMAT = "dwarf-with-dsym";
				ENABLE_NS_ASSERTIONS = NO;
				ENABLE_STRICT_OBJC_MSGSEND = YES;
				GCC_C_LANGUAGE_STANDARD = gnu11;
				GCC_NO_COMMON_BLOCKS = YES;
				GCC_WARN_64_TO_32_BIT_CONVERSION = YES;
				GCC_WARN_ABOUT_RETURN_TYPE = YES_ERROR;
				GCC_WARN_UNDECLARED_SELECTOR = YES;
				GCC_WARN_UNINITIALIZED_AUTOS = YES_AGGRESSIVE;
				GCC_WARN_UNUSED_FUNCTION = YES;
				GCC_WARN_UNUSED_VARIABLE = YES;
				IPHONEOS_DEPLOYMENT_TARGET = 16.4;
				MTL_ENABLE_DEBUG_INFO = NO;
				MTL_FAST_MATH = YES;
				SDKROOT = iphoneos;
				SWIFT_COMPILATION_MODE = wholemodule;
				SWIFT_OPTIMIZATION_LEVEL = "-O";
				VALIDATE_PRODUCT = YES;
			};
			name = Release;
		};
		3872F76F2ABAFEAA00F3BB2E /* Debug */ = {
			isa = XCBuildConfiguration;
			buildSettings = {
				ASSETCATALOG_COMPILER_APPICON_NAME = AppIcon;
				ASSETCATALOG_COMPILER_GLOBAL_ACCENT_COLOR_NAME = AccentColor;
				CODE_SIGN_ENTITLEMENTS = StepCounter/StepCounter.entitlements;
				CODE_SIGN_STYLE = Automatic;
				CURRENT_PROJECT_VERSION = 1;
				DEVELOPMENT_ASSET_PATHS = "\"StepCounter/Preview Content\"";
				DEVELOPMENT_TEAM = FN8Z7T4LLW;
				ENABLE_PREVIEWS = YES;
				GENERATE_INFOPLIST_FILE = YES;
				INFOPLIST_FILE = StepCounter/Info.plist;
				INFOPLIST_KEY_NSHealthShareUsageDescription = "We need access to your health data to get your step count";
				INFOPLIST_KEY_UIApplicationSceneManifest_Generation = YES;
				INFOPLIST_KEY_UIApplicationSupportsIndirectInputEvents = YES;
				INFOPLIST_KEY_UILaunchScreen_Generation = YES;
				INFOPLIST_KEY_UISupportedInterfaceOrientations = UIInterfaceOrientationPortrait;
				INFOPLIST_KEY_UISupportedInterfaceOrientations_iPad = "UIInterfaceOrientationLandscapeLeft UIInterfaceOrientationLandscapeRight UIInterfaceOrientationPortrait UIInterfaceOrientationPortraitUpsideDown";
				LD_RUNPATH_SEARCH_PATHS = (
					"$(inherited)",
					"@executable_path/Frameworks",
				);
				MARKETING_VERSION = 1.0;
				PRODUCT_BUNDLE_IDENTIFIER = com.leleluu.StepCounter;
				PRODUCT_NAME = "$(TARGET_NAME)";
				SUPPORTED_PLATFORMS = "iphoneos iphonesimulator";
				SUPPORTS_MACCATALYST = NO;
				SUPPORTS_MAC_DESIGNED_FOR_IPHONE_IPAD = NO;
				SWIFT_EMIT_LOC_STRINGS = YES;
				SWIFT_VERSION = 5.0;
				TARGETED_DEVICE_FAMILY = 1;
			};
			name = Debug;
		};
		3872F7702ABAFEAA00F3BB2E /* Release */ = {
			isa = XCBuildConfiguration;
			buildSettings = {
				ASSETCATALOG_COMPILER_APPICON_NAME = AppIcon;
				ASSETCATALOG_COMPILER_GLOBAL_ACCENT_COLOR_NAME = AccentColor;
				CODE_SIGN_ENTITLEMENTS = StepCounter/StepCounter.entitlements;
				CODE_SIGN_STYLE = Automatic;
				CURRENT_PROJECT_VERSION = 1;
				DEVELOPMENT_ASSET_PATHS = "\"StepCounter/Preview Content\"";
				DEVELOPMENT_TEAM = FN8Z7T4LLW;
				ENABLE_PREVIEWS = YES;
				GENERATE_INFOPLIST_FILE = YES;
				INFOPLIST_FILE = StepCounter/Info.plist;
				INFOPLIST_KEY_NSHealthShareUsageDescription = "We need access to your health data to get your step count";
				INFOPLIST_KEY_UIApplicationSceneManifest_Generation = YES;
				INFOPLIST_KEY_UIApplicationSupportsIndirectInputEvents = YES;
				INFOPLIST_KEY_UILaunchScreen_Generation = YES;
				INFOPLIST_KEY_UISupportedInterfaceOrientations = UIInterfaceOrientationPortrait;
				INFOPLIST_KEY_UISupportedInterfaceOrientations_iPad = "UIInterfaceOrientationLandscapeLeft UIInterfaceOrientationLandscapeRight UIInterfaceOrientationPortrait UIInterfaceOrientationPortraitUpsideDown";
				LD_RUNPATH_SEARCH_PATHS = (
					"$(inherited)",
					"@executable_path/Frameworks",
				);
				MARKETING_VERSION = 1.0;
				PRODUCT_BUNDLE_IDENTIFIER = com.leleluu.StepCounter;
				PRODUCT_NAME = "$(TARGET_NAME)";
				SUPPORTED_PLATFORMS = "iphoneos iphonesimulator";
				SUPPORTS_MACCATALYST = NO;
				SUPPORTS_MAC_DESIGNED_FOR_IPHONE_IPAD = NO;
				SWIFT_EMIT_LOC_STRINGS = YES;
				SWIFT_VERSION = 5.0;
				TARGETED_DEVICE_FAMILY = 1;
			};
			name = Release;
		};
/* End XCBuildConfiguration section */

/* Begin XCConfigurationList section */
		3872F75B2ABAFEA800F3BB2E /* Build configuration list for PBXProject "StepCounter" */ = {
			isa = XCConfigurationList;
			buildConfigurations = (
				3872F76C2ABAFEAA00F3BB2E /* Debug */,
				3872F76D2ABAFEAA00F3BB2E /* Release */,
			);
			defaultConfigurationIsVisible = 0;
			defaultConfigurationName = Release;
		};
		3872F76E2ABAFEAA00F3BB2E /* Build configuration list for PBXNativeTarget "StepCounter" */ = {
			isa = XCConfigurationList;
			buildConfigurations = (
				3872F76F2ABAFEAA00F3BB2E /* Debug */,
				3872F7702ABAFEAA00F3BB2E /* Release */,
			);
			defaultConfigurationIsVisible = 0;
			defaultConfigurationName = Release;
		};
/* End XCConfigurationList section */
	};
	rootObject = 3872F7582ABAFEA800F3BB2E /* Project object */;
}
